
Microsoft Visual Studio Solution File, Format Version 12.00
# Visual Studio Version 16
VisualStudioVersion = 16.0.31205.134
MinimumVisualStudioVersion = 10.0.40219.1
Project("{9A19103F-16F7-4668-BE54-9A1E7A4F7556}") = "MedicalRepresentativeScheduleAPI", "MedicalRepresentativeScheduleAPI\MedicalRepresentativeScheduleAPI.csproj", "{560D0B5D-2910-4912-9413-8C260199E26E}"
EndProject
Project("{FAE04EC0-301F-11D3-BF4B-00C04F79EFBC}") = "ScheduleTesting", "ScheduleTesting\ScheduleTesting.csproj", "{49DE59A0-C65E-4F86-9FB8-6B0B20C8533D}"
EndProject
Global
	GlobalSection(SolutionConfigurationPlatforms) = preSolution
		Debug|Any CPU = Debug|Any CPU
		Release|Any CPU = Release|Any CPU
	EndGlobalSection
	GlobalSection(ProjectConfigurationPlatforms) = postSolution
		{560D0B5D-2910-4912-9413-8C260199E26E}.Debug|Any CPU.ActiveCfg = Debug|Any CPU
		{560D0B5D-2910-4912-9413-8C260199E26E}.Debug|Any CPU.Build.0 = Debug|Any CPU
		{560D0B5D-2910-4912-9413-8C260199E26E}.Release|Any CPU.ActiveCfg = Release|Any CPU
		{560D0B5D-2910-4912-9413-8C260199E26E}.Release|Any CPU.Build.0 = Release|Any CPU
		{49DE59A0-C65E-4F86-9FB8-6B0B20C8533D}.Debug|Any CPU.ActiveCfg = Debug|Any CPU
		{49DE59A0-C65E-4F86-9FB8-6B0B20C8533D}.Debug|Any CPU.Build.0 = Debug|Any CPU
		{49DE59A0-C65E-4F86-9FB8-6B0B20C8533D}.Release|Any CPU.ActiveCfg = Release|Any CPU
		{49DE59A0-C65E-4F86-9FB8-6B0B20C8533D}.Release|Any CPU.Build.0 = Release|Any CPU
	EndGlobalSection
	GlobalSection(SolutionProperties) = preSolution
		HideSolutionNode = FALSE
	EndGlobalSection
	GlobalSection(ExtensibilityGlobals) = postSolution
		SolutionGuid = {1FBD8C80-4A92-4121-897C-89075572CF66}
	EndGlobalSection
EndGlobal
