
Microsoft Visual Studio Solution File, Format Version 12.00
# Visual Studio Version 16
VisualStudioVersion = 16.0.31112.23
MinimumVisualStudioVersion = 10.0.40219.1
Project("{9A19103F-16F7-4668-BE54-9A1E7A4F7556}") = "MedicineSupplyPortal", "MedicineSupplyPortal.csproj", "{A7977A6C-1AB9-40A9-8A4D-B7F8BAC050C2}"
EndProject
Project("{9A19103F-16F7-4668-BE54-9A1E7A4F7556}") = "MedicineSupplyPortalTest", "..\MedicineSupplyPortalTest\MedicineSupplyPortalTest.csproj", "{C2FD22DC-CE73-4497-B149-35A966FA284A}"
EndProject
Global
	GlobalSection(SolutionConfigurationPlatforms) = preSolution
		Debug|Any CPU = Debug|Any CPU
		Release|Any CPU = Release|Any CPU
	EndGlobalSection
	GlobalSection(ProjectConfigurationPlatforms) = postSolution
		{A7977A6C-1AB9-40A9-8A4D-B7F8BAC050C2}.Debug|Any CPU.ActiveCfg = Debug|Any CPU
		{A7977A6C-1AB9-40A9-8A4D-B7F8BAC050C2}.Debug|Any CPU.Build.0 = Debug|Any CPU
		{A7977A6C-1AB9-40A9-8A4D-B7F8BAC050C2}.Release|Any CPU.ActiveCfg = Release|Any CPU
		{A7977A6C-1AB9-40A9-8A4D-B7F8BAC050C2}.Release|Any CPU.Build.0 = Release|Any CPU
		{C2FD22DC-CE73-4497-B149-35A966FA284A}.Debug|Any CPU.ActiveCfg = Debug|Any CPU
		{C2FD22DC-CE73-4497-B149-35A966FA284A}.Debug|Any CPU.Build.0 = Debug|Any CPU
		{C2FD22DC-CE73-4497-B149-35A966FA284A}.Release|Any CPU.ActiveCfg = Release|Any CPU
		{C2FD22DC-CE73-4497-B149-35A966FA284A}.Release|Any CPU.Build.0 = Release|Any CPU
	EndGlobalSection
	GlobalSection(SolutionProperties) = preSolution
		HideSolutionNode = FALSE
	EndGlobalSection
	GlobalSection(ExtensibilityGlobals) = postSolution
		SolutionGuid = {4A01DF76-B873-4B49-8CA1-005563122D05}
	EndGlobalSection
EndGlobal
